
Microsoft Visual Studio Solution File, Format Version 12.00
# Visual Studio Version 16
VisualStudioVersion = 16.0.28729.10
MinimumVisualStudioVersion = 10.0.40219.1
Project("{FAE04EC0-301F-11D3-BF4B-00C04F79EFBC}") = "Lab1", "Lab1\Lab1.csproj", "{814DDE7A-8782-45FE-A703-379D36D17BC1}"
EndProject
Global
	GlobalSection(SolutionConfigurationPlatforms) = preSolution
		Debug|Any CPU = Debug|Any CPU
		Release|Any CPU = Release|Any CPU
	EndGlobalSection
	GlobalSection(ProjectConfigurationPlatforms) = postSolution
		{814DDE7A-8782-45FE-A703-379D36D17BC1}.Debug|Any CPU.ActiveCfg = Debug|Any CPU
		{814DDE7A-8782-45FE-A703-379D36D17BC1}.Debug|Any CPU.Build.0 = Debug|Any CPU
		{814DDE7A-8782-45FE-A703-379D36D17BC1}.Release|Any CPU.ActiveCfg = Release|Any CPU
		{814DDE7A-8782-45FE-A703-379D36D17BC1}.Release|Any CPU.Build.0 = Release|Any CPU
	EndGlobalSection
	GlobalSection(SolutionProperties) = preSolution
		HideSolutionNode = FALSE
	EndGlobalSection
	GlobalSection(ExtensibilityGlobals) = postSolution
		SolutionGuid = {4BEC9615-2874-4A32-9688-616C731461FF}
	EndGlobalSection
EndGlobal
